// !$*UTF8*$!
{
	archiveVersion = 1;
	classes = {
	};
	objectVersion = 56;
	objects = {

/* Begin PBXBuildFile section */
		D071D5062AB9D0C700CC562C /* MySwiftMapApp.swift in Sources */ = {isa = PBXBuildFile; fileRef = D071D5052AB9D0C700CC562C /* MySwiftMapApp.swift */; };
		D071D5082AB9D0C700CC562C /* ContentView.swift in Sources */ = {isa = PBXBuildFile; fileRef = D071D5072AB9D0C700CC562C /* ContentView.swift */; };
		D071D50D2AB9D0CD00CC562C /* Preview Assets.xcassets in Resources */ = {isa = PBXBuildFile; fileRef = D071D50C2AB9D0CD00CC562C /* Preview Assets.xcassets */; };
		D071D5142AB9D1DB00CC562C /* Assets.xcassets in Resources */ = {isa = PBXBuildFile; fileRef = D071D5132AB9D1DB00CC562C /* Assets.xcassets */; };
		D071D5192AB9D33600CC562C /* Location.swift in Sources */ = {isa = PBXBuildFile; fileRef = D071D5182AB9D33600CC562C /* Location.swift */; };
		D071D51C2AB9D41B00CC562C /* LocationsDataService.swift in Sources */ = {isa = PBXBuildFile; fileRef = D071D51B2AB9D41B00CC562C /* LocationsDataService.swift */; };
		D071D51E2AB9D52D00CC562C /* LocationsView.swift in Sources */ = {isa = PBXBuildFile; fileRef = D071D51D2AB9D52D00CC562C /* LocationsView.swift */; };
		D071D5202AB9D85600CC562C /* LocationsViewModel.swift in Sources */ = {isa = PBXBuildFile; fileRef = D071D51F2AB9D85600CC562C /* LocationsViewModel.swift */; };
		D0CA3EF22ABCA7400021AEF1 /* LocationsListView.swift in Sources */ = {isa = PBXBuildFile; fileRef = D0CA3EF12ABCA73F0021AEF1 /* LocationsListView.swift */; };
		D0CA3EF42ABCB5650021AEF1 /* LocationPreviewView.swift in Sources */ = {isa = PBXBuildFile; fileRef = D0CA3EF32ABCB5650021AEF1 /* LocationPreviewView.swift */; };
		D0CA3F0B2AC084D70021AEF1 /* LocationMapAnnotationView.swift in Sources */ = {isa = PBXBuildFile; fileRef = D0CA3F0A2AC084D70021AEF1 /* LocationMapAnnotationView.swift */; };
/* End PBXBuildFile section */

/* Begin PBXFileReference section */
		D071D5022AB9D0C700CC562C /* MySwiftMap.app */ = {isa = PBXFileReference; explicitFileType = wrapper.application; includeInIndex = 0; path = MySwiftMap.app; sourceTree = BUILT_PRODUCTS_DIR; };
		D071D5052AB9D0C700CC562C /* MySwiftMapApp.swift */ = {isa = PBXFileReference; lastKnownFileType = sourcecode.swift; path = MySwiftMapApp.swift; sourceTree = "<group>"; };
		D071D5072AB9D0C700CC562C /* ContentView.swift */ = {isa = PBXFileReference; lastKnownFileType = sourcecode.swift; path = ContentView.swift; sourceTree = "<group>"; };
		D071D50C2AB9D0CD00CC562C /* Preview Assets.xcassets */ = {isa = PBXFileReference; lastKnownFileType = folder.assetcatalog; path = "Preview Assets.xcassets"; sourceTree = "<group>"; };
		D071D5132AB9D1DB00CC562C /* Assets.xcassets */ = {isa = PBXFileReference; lastKnownFileType = folder.assetcatalog; path = Assets.xcassets; sourceTree = "<group>"; };
		D071D5182AB9D33600CC562C /* Location.swift */ = {isa = PBXFileReference; lastKnownFileType = sourcecode.swift; path = Location.swift; sourceTree = "<group>"; };
		D071D51B2AB9D41B00CC562C /* LocationsDataService.swift */ = {isa = PBXFileReference; fileEncoding = 4; lastKnownFileType = sourcecode.swift; path = LocationsDataService.swift; sourceTree = "<group>"; };
		D071D51D2AB9D52D00CC562C /* LocationsView.swift */ = {isa = PBXFileReference; lastKnownFileType = sourcecode.swift; path = LocationsView.swift; sourceTree = "<group>"; };
		D071D51F2AB9D85600CC562C /* LocationsViewModel.swift */ = {isa = PBXFileReference; lastKnownFileType = sourcecode.swift; path = LocationsViewModel.swift; sourceTree = "<group>"; };
		D0CA3EF12ABCA73F0021AEF1 /* LocationsListView.swift */ = {isa = PBXFileReference; lastKnownFileType = sourcecode.swift; path = LocationsListView.swift; sourceTree = "<group>"; };
		D0CA3EF32ABCB5650021AEF1 /* LocationPreviewView.swift */ = {isa = PBXFileReference; lastKnownFileType = sourcecode.swift; path = LocationPreviewView.swift; sourceTree = "<group>"; };
		D0CA3F0A2AC084D70021AEF1 /* LocationMapAnnotationView.swift */ = {isa = PBXFileReference; lastKnownFileType = sourcecode.swift; path = LocationMapAnnotationView.swift; sourceTree = "<group>"; };
/* End PBXFileReference section */

/* Begin PBXFrameworksBuildPhase section */
		D071D4FF2AB9D0C700CC562C /* Frameworks */ = {
			isa = PBXFrameworksBuildPhase;
			buildActionMask = 2147483647;
			files = (
			);
			runOnlyForDeploymentPostprocessing = 0;
		};
/* End PBXFrameworksBuildPhase section */

/* Begin PBXGroup section */
		D071D4F92AB9D0C700CC562C = {
			isa = PBXGroup;
			children = (
				D071D5042AB9D0C700CC562C /* MySwiftMap */,
				D071D5032AB9D0C700CC562C /* Products */,
			);
			sourceTree = "<group>";
		};
		D071D5032AB9D0C700CC562C /* Products */ = {
			isa = PBXGroup;
			children = (
				D071D5022AB9D0C700CC562C /* MySwiftMap.app */,
			);
			name = Products;
			sourceTree = "<group>";
		};
		D071D5042AB9D0C700CC562C /* MySwiftMap */ = {
			isa = PBXGroup;
			children = (
				D071D5052AB9D0C700CC562C /* MySwiftMapApp.swift */,
				D071D5072AB9D0C700CC562C /* ContentView.swift */,
				D071D51A2AB9D3F700CC562C /* DataServices */,
				D071D5162AB9D2E400CC562C /* Views */,
				D071D5152AB9D2DB00CC562C /* Models */,
				D071D5172AB9D2F200CC562C /* ViewModels */,
				D071D5132AB9D1DB00CC562C /* Assets.xcassets */,
				D071D50B2AB9D0CD00CC562C /* Preview Content */,
			);
			path = MySwiftMap;
			sourceTree = "<group>";
		};
		D071D50B2AB9D0CD00CC562C /* Preview Content */ = {
			isa = PBXGroup;
			children = (
				D071D50C2AB9D0CD00CC562C /* Preview Assets.xcassets */,
			);
			path = "Preview Content";
			sourceTree = "<group>";
		};
		D071D5152AB9D2DB00CC562C /* Models */ = {
			isa = PBXGroup;
			children = (
				D071D5182AB9D33600CC562C /* Location.swift */,
			);
			path = Models;
			sourceTree = "<group>";
		};
		D071D5162AB9D2E400CC562C /* Views */ = {
			isa = PBXGroup;
			children = (
				D071D51D2AB9D52D00CC562C /* LocationsView.swift */,
				D0CA3EF12ABCA73F0021AEF1 /* LocationsListView.swift */,
				D0CA3EF32ABCB5650021AEF1 /* LocationPreviewView.swift */,
				D0CA3F0A2AC084D70021AEF1 /* LocationMapAnnotationView.swift */,
			);
			path = Views;
			sourceTree = "<group>";
		};
		D071D5172AB9D2F200CC562C /* ViewModels */ = {
			isa = PBXGroup;
			children = (
				D071D51F2AB9D85600CC562C /* LocationsViewModel.swift */,
			);
			path = ViewModels;
			sourceTree = "<group>";
		};
		D071D51A2AB9D3F700CC562C /* DataServices */ = {
			isa = PBXGroup;
			children = (
				D071D51B2AB9D41B00CC562C /* LocationsDataService.swift */,
			);
			path = DataServices;
			sourceTree = "<group>";
		};
/* End PBXGroup section */

/* Begin PBXNativeTarget section */
		D071D5012AB9D0C700CC562C /* MySwiftMap */ = {
			isa = PBXNativeTarget;
			buildConfigurationList = D071D5102AB9D0CD00CC562C /* Build configuration list for PBXNativeTarget "MySwiftMap" */;
			buildPhases = (
				D071D4FE2AB9D0C700CC562C /* Sources */,
				D071D4FF2AB9D0C700CC562C /* Frameworks */,
				D071D5002AB9D0C700CC562C /* Resources */,
			);
			buildRules = (
			);
			dependencies = (
			);
			name = MySwiftMap;
			productName = MySwiftMap;
			productReference = D071D5022AB9D0C700CC562C /* MySwiftMap.app */;
			productType = "com.apple.product-type.application";
		};
/* End PBXNativeTarget section */

/* Begin PBXProject section */
		D071D4FA2AB9D0C700CC562C /* Project object */ = {
			isa = PBXProject;
			attributes = {
				BuildIndependentTargetsInParallel = 1;
				LastSwiftUpdateCheck = 1430;
				LastUpgradeCheck = 1430;
				TargetAttributes = {
					D071D5012AB9D0C700CC562C = {
						CreatedOnToolsVersion = 14.3;
					};
				};
			};
			buildConfigurationList = D071D4FD2AB9D0C700CC562C /* Build configuration list for PBXProject "MySwiftMap" */;
			compatibilityVersion = "Xcode 14.0";
			developmentRegion = en;
			hasScannedForEncodings = 0;
			knownRegions = (
				en,
				Base,
			);
			mainGroup = D071D4F92AB9D0C700CC562C;
			productRefGroup = D071D5032AB9D0C700CC562C /* Products */;
			projectDirPath = "";
			projectRoot = "";
			targets = (
				D071D5012AB9D0C700CC562C /* MySwiftMap */,
			);
		};
/* End PBXProject section */

/* Begin PBXResourcesBuildPhase section */
		D071D5002AB9D0C700CC562C /* Resources */ = {
			isa = PBXResourcesBuildPhase;
			buildActionMask = 2147483647;
			files = (
				D071D5142AB9D1DB00CC562C /* Assets.xcassets in Resources */,
				D071D50D2AB9D0CD00CC562C /* Preview Assets.xcassets in Resources */,
			);
			runOnlyForDeploymentPostprocessing = 0;
		};
/* End PBXResourcesBuildPhase section */

/* Begin PBXSourcesBuildPhase section */
		D071D4FE2AB9D0C700CC562C /* Sources */ = {
			isa = PBXSourcesBuildPhase;
			buildActionMask = 2147483647;
			files = (
				D071D51C2AB9D41B00CC562C /* LocationsDataService.swift in Sources */,
				D0CA3F0B2AC084D70021AEF1 /* LocationMapAnnotationView.swift in Sources */,
				D0CA3EF22ABCA7400021AEF1 /* LocationsListView.swift in Sources */,
				D0CA3EF42ABCB5650021AEF1 /* LocationPreviewView.swift in Sources */,
				D071D5202AB9D85600CC562C /* LocationsViewModel.swift in Sources */,
				D071D5082AB9D0C700CC562C /* ContentView.swift in Sources */,
				D071D51E2AB9D52D00CC562C /* LocationsView.swift in Sources */,
				D071D5192AB9D33600CC562C /* Location.swift in Sources */,
				D071D5062AB9D0C700CC562C /* MySwiftMapApp.swift in Sources */,
			);
			runOnlyForDeploymentPostprocessing = 0;
		};
/* End PBXSourcesBuildPhase section */

/* Begin XCBuildConfiguration section */
		D071D50E2AB9D0CD00CC562C /* Debug */ = {
			isa = XCBuildConfiguration;
			buildSettings = {
				ALWAYS_SEARCH_USER_PATHS = NO;
				CLANG_ANALYZER_NONNULL = YES;
				CLANG_ANALYZER_NUMBER_OBJECT_CONVERSION = YES_AGGRESSIVE;
				CLANG_CXX_LANGUAGE_STANDARD = "gnu++20";
				CLANG_ENABLE_MODULES = YES;
				CLANG_ENABLE_OBJC_ARC = YES;
				CLANG_ENABLE_OBJC_WEAK = YES;
				CLANG_WARN_BLOCK_CAPTURE_AUTORELEASING = YES;
				CLANG_WARN_BOOL_CONVERSION = YES;
				CLANG_WARN_COMMA = YES;
				CLANG_WARN_CONSTANT_CONVERSION = YES;
				CLANG_WARN_DEPRECATED_OBJC_IMPLEMENTATIONS = YES;
				CLANG_WARN_DIRECT_OBJC_ISA_USAGE = YES_ERROR;
				CLANG_WARN_DOCUMENTATION_COMMENTS = YES;
				CLANG_WARN_EMPTY_BODY = YES;
				CLANG_WARN_ENUM_CONVERSION = YES;
				CLANG_WARN_INFINITE_RECURSION = YES;
				CLANG_WARN_INT_CONVERSION = YES;
				CLANG_WARN_NON_LITERAL_NULL_CONVERSION = YES;
				CLANG_WARN_OBJC_IMPLICIT_RETAIN_SELF = YES;
				CLANG_WARN_OBJC_LITERAL_CONVERSION = YES;
				CLANG_WARN_OBJC_ROOT_CLASS = YES_ERROR;
				CLANG_WARN_QUOTED_INCLUDE_IN_FRAMEWORK_HEADER = YES;
				CLANG_WARN_RANGE_LOOP_ANALYSIS = YES;
				CLANG_WARN_STRICT_PROTOTYPES = YES;
				CLANG_WARN_SUSPICIOUS_MOVE = YES;
				CLANG_WARN_UNGUARDED_AVAILABILITY = YES_AGGRESSIVE;
				CLANG_WARN_UNREACHABLE_CODE = YES;
				CLANG_WARN__DUPLICATE_METHOD_MATCH = YES;
				COPY_PHASE_STRIP = NO;
				DEBUG_INFORMATION_FORMAT = dwarf;
				ENABLE_STRICT_OBJC_MSGSEND = YES;
				ENABLE_TESTABILITY = YES;
				GCC_C_LANGUAGE_STANDARD = gnu11;
				GCC_DYNAMIC_NO_PIC = NO;
				GCC_NO_COMMON_BLOCKS = YES;
				GCC_OPTIMIZATION_LEVEL = 0;
				GCC_PREPROCESSOR_DEFINITIONS = (
					"DEBUG=1",
					"$(inherited)",
				);
				GCC_WARN_64_TO_32_BIT_CONVERSION = YES;
				GCC_WARN_ABOUT_RETURN_TYPE = YES_ERROR;
				GCC_WARN_UNDECLARED_SELECTOR = YES;
				GCC_WARN_UNINITIALIZED_AUTOS = YES_AGGRESSIVE;
				GCC_WARN_UNUSED_FUNCTION = YES;
				GCC_WARN_UNUSED_VARIABLE = YES;
				IPHONEOS_DEPLOYMENT_TARGET = 16.4;
				MTL_ENABLE_DEBUG_INFO = INCLUDE_SOURCE;
				MTL_FAST_MATH = YES;
				ONLY_ACTIVE_ARCH = YES;
				SDKROOT = iphoneos;
				SWIFT_ACTIVE_COMPILATION_CONDITIONS = DEBUG;
				SWIFT_OPTIMIZATION_LEVEL = "-Onone";
			};
			name = Debug;
		};
		D071D50F2AB9D0CD00CC562C /* Release */ = {
			isa = XCBuildConfiguration;
			buildSettings = {
				ALWAYS_SEARCH_USER_PATHS = NO;
				CLANG_ANALYZER_NONNULL = YES;
				CLANG_ANALYZER_NUMBER_OBJECT_CONVERSION = YES_AGGRESSIVE;
				CLANG_CXX_LANGUAGE_STANDARD = "gnu++20";
				CLANG_ENABLE_MODULES = YES;
				CLANG_ENABLE_OBJC_ARC = YES;
				CLANG_ENABLE_OBJC_WEAK = YES;
				CLANG_WARN_BLOCK_CAPTURE_AUTORELEASING = YES;
				CLANG_WARN_BOOL_CONVERSION = YES;
				CLANG_WARN_COMMA = YES;
				CLANG_WARN_CONSTANT_CONVERSION = YES;
				CLANG_WARN_DEPRECATED_OBJC_IMPLEMENTATIONS = YES;
				CLANG_WARN_DIRECT_OBJC_ISA_USAGE = YES_ERROR;
				CLANG_WARN_DOCUMENTATION_COMMENTS = YES;
				CLANG_WARN_EMPTY_BODY = YES;
				CLANG_WARN_ENUM_CONVERSION = YES;
				CLANG_WARN_INFINITE_RECURSION = YES;
				CLANG_WARN_INT_CONVERSION = YES;
				CLANG_WARN_NON_LITERAL_NULL_CONVERSION = YES;
				CLANG_WARN_OBJC_IMPLICIT_RETAIN_SELF = YES;
				CLANG_WARN_OBJC_LITERAL_CONVERSION = YES;
				CLANG_WARN_OBJC_ROOT_CLASS = YES_ERROR;
				CLANG_WARN_QUOTED_INCLUDE_IN_FRAMEWORK_HEADER = YES;
				CLANG_WARN_RANGE_LOOP_ANALYSIS = YES;
				CLANG_WARN_STRICT_PROTOTYPES = YES;
				CLANG_WARN_SUSPICIOUS_MOVE = YES;
				CLANG_WARN_UNGUARDED_AVAILABILITY = YES_AGGRESSIVE;
				CLANG_WARN_UNREACHABLE_CODE = YES;
				CLANG_WARN__DUPLICATE_METHOD_MATCH = YES;
				COPY_PHASE_STRIP = NO;
				DEBUG_INFORMATION_FORMAT = "dwarf-with-dsym";
				ENABLE_NS_ASSERTIONS = NO;
				ENABLE_STRICT_OBJC_MSGSEND = YES;
				GCC_C_LANGUAGE_STANDARD = gnu11;
				GCC_NO_COMMON_BLOCKS = YES;
				GCC_WARN_64_TO_32_BIT_CONVERSION = YES;
				GCC_WARN_ABOUT_RETURN_TYPE = YES_ERROR;
				GCC_WARN_UNDECLARED_SELECTOR = YES;
				GCC_WARN_UNINITIALIZED_AUTOS = YES_AGGRESSIVE;
				GCC_WARN_UNUSED_FUNCTION = YES;
				GCC_WARN_UNUSED_VARIABLE = YES;
				IPHONEOS_DEPLOYMENT_TARGET = 16.4;
				MTL_ENABLE_DEBUG_INFO = NO;
				MTL_FAST_MATH = YES;
				SDKROOT = iphoneos;
				SWIFT_COMPILATION_MODE = wholemodule;
				SWIFT_OPTIMIZATION_LEVEL = "-O";
				VALIDATE_PRODUCT = YES;
			};
			name = Release;
		};
		D071D5112AB9D0CD00CC562C /* Debug */ = {
			isa = XCBuildConfiguration;
			buildSettings = {
				ASSETCATALOG_COMPILER_APPICON_NAME = AppIcon;
				ASSETCATALOG_COMPILER_GLOBAL_ACCENT_COLOR_NAME = AccentColor;
				CODE_SIGN_STYLE = Automatic;
				CURRENT_PROJECT_VERSION = 1;
				DEVELOPMENT_ASSET_PATHS = "\"MySwiftMap/Preview Content\"";
				DEVELOPMENT_TEAM = BYWNWD358D;
				ENABLE_PREVIEWS = YES;
				GENERATE_INFOPLIST_FILE = YES;
				INFOPLIST_KEY_UIApplicationSceneManifest_Generation = YES;
				INFOPLIST_KEY_UIApplicationSupportsIndirectInputEvents = YES;
				INFOPLIST_KEY_UILaunchScreen_Generation = YES;
				INFOPLIST_KEY_UISupportedInterfaceOrientations_iPad = "UIInterfaceOrientationPortrait UIInterfaceOrientationPortraitUpsideDown UIInterfaceOrientationLandscapeLeft UIInterfaceOrientationLandscapeRight";
				INFOPLIST_KEY_UISupportedInterfaceOrientations_iPhone = "UIInterfaceOrientationPortrait UIInterfaceOrientationLandscapeLeft UIInterfaceOrientationLandscapeRight";
				LD_RUNPATH_SEARCH_PATHS = (
					"$(inherited)",
					"@executable_path/Frameworks",
				);
				MARKETING_VERSION = 1.0;
				PRODUCT_BUNDLE_IDENTIFIER = "-.MySwiftMap";
				PRODUCT_NAME = "$(TARGET_NAME)";
				SWIFT_EMIT_LOC_STRINGS = YES;
				SWIFT_VERSION = 5.0;
				TARGETED_DEVICE_FAMILY = "1,2";
			};
			name = Debug;
		};
		D071D5122AB9D0CD00CC562C /* Release */ = {
			isa = XCBuildConfiguration;
			buildSettings = {
				ASSETCATALOG_COMPILER_APPICON_NAME = AppIcon;
				ASSETCATALOG_COMPILER_GLOBAL_ACCENT_COLOR_NAME = AccentColor;
				CODE_SIGN_STYLE = Automatic;
				CURRENT_PROJECT_VERSION = 1;
				DEVELOPMENT_ASSET_PATHS = "\"MySwiftMap/Preview Content\"";
				DEVELOPMENT_TEAM = BYWNWD358D;
				ENABLE_PREVIEWS = YES;
				GENERATE_INFOPLIST_FILE = YES;
				INFOPLIST_KEY_UIApplicationSceneManifest_Generation = YES;
				INFOPLIST_KEY_UIApplicationSupportsIndirectInputEvents = YES;
				INFOPLIST_KEY_UILaunchScreen_Generation = YES;
				INFOPLIST_KEY_UISupportedInterfaceOrientations_iPad = "UIInterfaceOrientationPortrait UIInterfaceOrientationPortraitUpsideDown UIInterfaceOrientationLandscapeLeft UIInterfaceOrientationLandscapeRight";
				INFOPLIST_KEY_UISupportedInterfaceOrientations_iPhone = "UIInterfaceOrientationPortrait UIInterfaceOrientationLandscapeLeft UIInterfaceOrientationLandscapeRight";
				LD_RUNPATH_SEARCH_PATHS = (
					"$(inherited)",
					"@executable_path/Frameworks",
				);
				MARKETING_VERSION = 1.0;
				PRODUCT_BUNDLE_IDENTIFIER = "-.MySwiftMap";
				PRODUCT_NAME = "$(TARGET_NAME)";
				SWIFT_EMIT_LOC_STRINGS = YES;
				SWIFT_VERSION = 5.0;
				TARGETED_DEVICE_FAMILY = "1,2";
			};
			name = Release;
		};
/* End XCBuildConfiguration section */

/* Begin XCConfigurationList section */
		D071D4FD2AB9D0C700CC562C /* Build configuration list for PBXProject "MySwiftMap" */ = {
			isa = XCConfigurationList;
			buildConfigurations = (
				D071D50E2AB9D0CD00CC562C /* Debug */,
				D071D50F2AB9D0CD00CC562C /* Release */,
			);
			defaultConfigurationIsVisible = 0;
			defaultConfigurationName = Release;
		};
		D071D5102AB9D0CD00CC562C /* Build configuration list for PBXNativeTarget "MySwiftMap" */ = {
			isa = XCConfigurationList;
			buildConfigurations = (
				D071D5112AB9D0CD00CC562C /* Debug */,
				D071D5122AB9D0CD00CC562C /* Release */,
			);
			defaultConfigurationIsVisible = 0;
			defaultConfigurationName = Release;
		};
/* End XCConfigurationList section */
	};
	rootObject = D071D4FA2AB9D0C700CC562C /* Project object */;
}
